
Microsoft Visual Studio Solution File, Format Version 12.00
# Visual Studio Version 16
VisualStudioVersion = 16.0.30517.126
MinimumVisualStudioVersion = 10.0.40219.1
Project("{FAE04EC0-301F-11D3-BF4B-00C04F79EFBC}") = "E-Shop.API", "E-Shop.API\E-Shop.API.csproj", "{E2CFB9D3-9643-4B1E-98BA-14F9202E7F49}"
EndProject
Project("{FAE04EC0-301F-11D3-BF4B-00C04F79EFBC}") = "E-Shop.DAL", "E-Shop.DAL\E-Shop.DAL.csproj", "{04C335D7-A796-4A0A-98E1-419C3093FD5B}"
EndProject
Project("{00D1A9C2-B5F0-4AF3-8072-F6C62B433612}") = "E-Shop.Database", "E-Shop.Database\E-Shop.Database.sqlproj", "{E1CE5A4F-025A-48EE-AF17-29F2AFF19AF9}"
EndProject
Global
	GlobalSection(SolutionConfigurationPlatforms) = preSolution
		Debug|Any CPU = Debug|Any CPU
		Release|Any CPU = Release|Any CPU
	EndGlobalSection
	GlobalSection(ProjectConfigurationPlatforms) = postSolution
		{E2CFB9D3-9643-4B1E-98BA-14F9202E7F49}.Debug|Any CPU.ActiveCfg = Debug|Any CPU
		{E2CFB9D3-9643-4B1E-98BA-14F9202E7F49}.Debug|Any CPU.Build.0 = Debug|Any CPU
		{E2CFB9D3-9643-4B1E-98BA-14F9202E7F49}.Release|Any CPU.ActiveCfg = Release|Any CPU
		{E2CFB9D3-9643-4B1E-98BA-14F9202E7F49}.Release|Any CPU.Build.0 = Release|Any CPU
		{04C335D7-A796-4A0A-98E1-419C3093FD5B}.Debug|Any CPU.ActiveCfg = Debug|Any CPU
		{04C335D7-A796-4A0A-98E1-419C3093FD5B}.Debug|Any CPU.Build.0 = Debug|Any CPU
		{04C335D7-A796-4A0A-98E1-419C3093FD5B}.Release|Any CPU.ActiveCfg = Release|Any CPU
		{04C335D7-A796-4A0A-98E1-419C3093FD5B}.Release|Any CPU.Build.0 = Release|Any CPU
		{E1CE5A4F-025A-48EE-AF17-29F2AFF19AF9}.Debug|Any CPU.ActiveCfg = Debug|Any CPU
		{E1CE5A4F-025A-48EE-AF17-29F2AFF19AF9}.Debug|Any CPU.Build.0 = Debug|Any CPU
		{E1CE5A4F-025A-48EE-AF17-29F2AFF19AF9}.Debug|Any CPU.Deploy.0 = Debug|Any CPU
		{E1CE5A4F-025A-48EE-AF17-29F2AFF19AF9}.Release|Any CPU.ActiveCfg = Release|Any CPU
		{E1CE5A4F-025A-48EE-AF17-29F2AFF19AF9}.Release|Any CPU.Build.0 = Release|Any CPU
		{E1CE5A4F-025A-48EE-AF17-29F2AFF19AF9}.Release|Any CPU.Deploy.0 = Release|Any CPU
	EndGlobalSection
	GlobalSection(SolutionProperties) = preSolution
		HideSolutionNode = FALSE
	EndGlobalSection
	GlobalSection(ExtensibilityGlobals) = postSolution
		SolutionGuid = {DC0D2B23-7423-47F4-9A2E-F00BDF067EFD}
	EndGlobalSection
EndGlobal
