
Microsoft Visual Studio Solution File, Format Version 12.00
# Visual Studio Version 16
VisualStudioVersion = 16.0.30517.126
MinimumVisualStudioVersion = 10.0.40219.1
Project("{9A19103F-16F7-4668-BE54-9A1E7A4F7556}") = "E-Shop.API", "E-Shop.API\E-Shop.API.csproj", "{E2CFB9D3-9643-4B1E-98BA-14F9202E7F49}"
EndProject
Project("{00D1A9C2-B5F0-4AF3-8072-F6C62B433612}") = "E-Shop.Database", "E-Shop.Database\E-Shop.Database.sqlproj", "{E1CE5A4F-025A-48EE-AF17-29F2AFF19AF9}"
EndProject
Project("{9A19103F-16F7-4668-BE54-9A1E7A4F7556}") = "E-Shop.Data", "E-Shop.Data\E-Shop.Data.csproj", "{3641C599-B5B5-46CE-B93D-751FB3AC660A}"
EndProject
Project("{9A19103F-16F7-4668-BE54-9A1E7A4F7556}") = "E-Shop.Business", "E-Shop.Business\E-Shop.Business.csproj", "{FF3AFEB9-9142-492A-8878-D3D91451B76C}"
EndProject
Project("{FAE04EC0-301F-11D3-BF4B-00C04F79EFBC}") = "E-Shop.Core", "E-Shop.Core\E-Shop.Core.csproj", "{9462549F-4F84-4291-968B-562311F3A552}"
EndProject
Global
	GlobalSection(SolutionConfigurationPlatforms) = preSolution
		Debug|Any CPU = Debug|Any CPU
		Release|Any CPU = Release|Any CPU
	EndGlobalSection
	GlobalSection(ProjectConfigurationPlatforms) = postSolution
		{E2CFB9D3-9643-4B1E-98BA-14F9202E7F49}.Debug|Any CPU.ActiveCfg = Debug|Any CPU
		{E2CFB9D3-9643-4B1E-98BA-14F9202E7F49}.Debug|Any CPU.Build.0 = Debug|Any CPU
		{E2CFB9D3-9643-4B1E-98BA-14F9202E7F49}.Release|Any CPU.ActiveCfg = Release|Any CPU
		{E2CFB9D3-9643-4B1E-98BA-14F9202E7F49}.Release|Any CPU.Build.0 = Release|Any CPU
		{E1CE5A4F-025A-48EE-AF17-29F2AFF19AF9}.Debug|Any CPU.ActiveCfg = Debug|Any CPU
		{E1CE5A4F-025A-48EE-AF17-29F2AFF19AF9}.Debug|Any CPU.Build.0 = Debug|Any CPU
		{E1CE5A4F-025A-48EE-AF17-29F2AFF19AF9}.Debug|Any CPU.Deploy.0 = Debug|Any CPU
		{E1CE5A4F-025A-48EE-AF17-29F2AFF19AF9}.Release|Any CPU.ActiveCfg = Release|Any CPU
		{E1CE5A4F-025A-48EE-AF17-29F2AFF19AF9}.Release|Any CPU.Build.0 = Release|Any CPU
		{E1CE5A4F-025A-48EE-AF17-29F2AFF19AF9}.Release|Any CPU.Deploy.0 = Release|Any CPU
		{3641C599-B5B5-46CE-B93D-751FB3AC660A}.Debug|Any CPU.ActiveCfg = Debug|Any CPU
		{3641C599-B5B5-46CE-B93D-751FB3AC660A}.Debug|Any CPU.Build.0 = Debug|Any CPU
		{3641C599-B5B5-46CE-B93D-751FB3AC660A}.Release|Any CPU.ActiveCfg = Release|Any CPU
		{3641C599-B5B5-46CE-B93D-751FB3AC660A}.Release|Any CPU.Build.0 = Release|Any CPU
		{FF3AFEB9-9142-492A-8878-D3D91451B76C}.Debug|Any CPU.ActiveCfg = Debug|Any CPU
		{FF3AFEB9-9142-492A-8878-D3D91451B76C}.Debug|Any CPU.Build.0 = Debug|Any CPU
		{FF3AFEB9-9142-492A-8878-D3D91451B76C}.Release|Any CPU.ActiveCfg = Release|Any CPU
		{FF3AFEB9-9142-492A-8878-D3D91451B76C}.Release|Any CPU.Build.0 = Release|Any CPU
		{9462549F-4F84-4291-968B-562311F3A552}.Debug|Any CPU.ActiveCfg = Debug|Any CPU
		{9462549F-4F84-4291-968B-562311F3A552}.Debug|Any CPU.Build.0 = Debug|Any CPU
		{9462549F-4F84-4291-968B-562311F3A552}.Release|Any CPU.ActiveCfg = Release|Any CPU
		{9462549F-4F84-4291-968B-562311F3A552}.Release|Any CPU.Build.0 = Release|Any CPU
	EndGlobalSection
	GlobalSection(SolutionProperties) = preSolution
		HideSolutionNode = FALSE
	EndGlobalSection
	GlobalSection(ExtensibilityGlobals) = postSolution
		SolutionGuid = {DC0D2B23-7423-47F4-9A2E-F00BDF067EFD}
	EndGlobalSection
EndGlobal
